// !$*UTF8*$!
{
	archiveVersion = 1;
	classes = {
	};
	objectVersion = 46;
	objects = {

/* Begin PBXBuildFile section */
		0A7BDF8B1B08FE5E009FB72B /* CKCoreDataKit.h in Headers */ = {isa = PBXBuildFile; fileRef = 0A7BDF8A1B08FE5E009FB72B /* CKCoreDataKit.h */; settings = {ATTRIBUTES = (Public, ); }; };
		0A7BDF911B08FE5E009FB72B /* CKCoreDataKit.framework in Frameworks */ = {isa = PBXBuildFile; fileRef = 0A7BDF851B08FE5E009FB72B /* CKCoreDataKit.framework */; };
		0A7BDF981B08FE5E009FB72B /* CKCoreDataKitTests.swift in Sources */ = {isa = PBXBuildFile; fileRef = 0A7BDF971B08FE5E009FB72B /* CKCoreDataKitTests.swift */; };
		0A7BDFA81B08FECC009FB72B /* CKFetchRequest.swift in Sources */ = {isa = PBXBuildFile; fileRef = 0A7BDFA21B08FECC009FB72B /* CKFetchRequest.swift */; };
		0A7BDFA91B08FECC009FB72B /* CKFetchResult.swift in Sources */ = {isa = PBXBuildFile; fileRef = 0A7BDFA31B08FECC009FB72B /* CKFetchResult.swift */; };
		0A7BDFAA1B08FECC009FB72B /* CKSession.swift in Sources */ = {isa = PBXBuildFile; fileRef = 0A7BDFA41B08FECC009FB72B /* CKSession.swift */; };
		0A7BDFAB1B08FECC009FB72B /* CKSessionModel.swift in Sources */ = {isa = PBXBuildFile; fileRef = 0A7BDFA51B08FECC009FB72B /* CKSessionModel.swift */; };
		0A7BDFAC1B08FECC009FB72B /* NSManagedObjectExtensions.swift in Sources */ = {isa = PBXBuildFile; fileRef = 0A7BDFA71B08FECC009FB72B /* NSManagedObjectExtensions.swift */; };
		33D17EBE7F0D71E220591538 /* Pods_CKCoreDataKit.framework in Frameworks */ = {isa = PBXBuildFile; fileRef = 8D775EC8F666347E77E0D653 /* Pods_CKCoreDataKit.framework */; };
		DF5FA176D441734EF14D4215 /* Pods_CKCoreDataKitTests.framework in Frameworks */ = {isa = PBXBuildFile; fileRef = 8094DD739FC2F6706EEFBD32 /* Pods_CKCoreDataKitTests.framework */; };
/* End PBXBuildFile section */

/* Begin PBXContainerItemProxy section */
		0A7BDF921B08FE5E009FB72B /* PBXContainerItemProxy */ = {
			isa = PBXContainerItemProxy;
			containerPortal = 0A7BDF7C1B08FE5E009FB72B /* Project object */;
			proxyType = 1;
			remoteGlobalIDString = 0A7BDF841B08FE5E009FB72B;
			remoteInfo = CKCoreDataKit;
		};
/* End PBXContainerItemProxy section */

/* Begin PBXFileReference section */
		04FFF5FC9029C7B403A33571 /* Pods-CKCoreDataKitTests.debug.xcconfig */ = {isa = PBXFileReference; includeInIndex = 1; lastKnownFileType = text.xcconfig; name = "Pods-CKCoreDataKitTests.debug.xcconfig"; path = "Pods/Target Support Files/Pods-CKCoreDataKitTests/Pods-CKCoreDataKitTests.debug.xcconfig"; sourceTree = "<group>"; };
		0A7BDF851B08FE5E009FB72B /* CKCoreDataKit.framework */ = {isa = PBXFileReference; explicitFileType = wrapper.framework; includeInIndex = 0; path = CKCoreDataKit.framework; sourceTree = BUILT_PRODUCTS_DIR; };
		0A7BDF891B08FE5E009FB72B /* Info.plist */ = {isa = PBXFileReference; lastKnownFileType = text.plist.xml; path = Info.plist; sourceTree = "<group>"; };
		0A7BDF8A1B08FE5E009FB72B /* CKCoreDataKit.h */ = {isa = PBXFileReference; lastKnownFileType = sourcecode.c.h; path = CKCoreDataKit.h; sourceTree = "<group>"; };
		0A7BDF901B08FE5E009FB72B /* CKCoreDataKitTests.xctest */ = {isa = PBXFileReference; explicitFileType = wrapper.cfbundle; includeInIndex = 0; path = CKCoreDataKitTests.xctest; sourceTree = BUILT_PRODUCTS_DIR; };
		0A7BDF961B08FE5E009FB72B /* Info.plist */ = {isa = PBXFileReference; lastKnownFileType = text.plist.xml; path = Info.plist; sourceTree = "<group>"; };
		0A7BDF971B08FE5E009FB72B /* CKCoreDataKitTests.swift */ = {isa = PBXFileReference; lastKnownFileType = sourcecode.swift; path = CKCoreDataKitTests.swift; sourceTree = "<group>"; };
		0A7BDFA21B08FECC009FB72B /* CKFetchRequest.swift */ = {isa = PBXFileReference; fileEncoding = 4; lastKnownFileType = sourcecode.swift; path = CKFetchRequest.swift; sourceTree = "<group>"; };
		0A7BDFA31B08FECC009FB72B /* CKFetchResult.swift */ = {isa = PBXFileReference; fileEncoding = 4; lastKnownFileType = sourcecode.swift; path = CKFetchResult.swift; sourceTree = "<group>"; };
		0A7BDFA41B08FECC009FB72B /* CKSession.swift */ = {isa = PBXFileReference; fileEncoding = 4; lastKnownFileType = sourcecode.swift; path = CKSession.swift; sourceTree = "<group>"; };
		0A7BDFA51B08FECC009FB72B /* CKSessionModel.swift */ = {isa = PBXFileReference; fileEncoding = 4; lastKnownFileType = sourcecode.swift; path = CKSessionModel.swift; sourceTree = "<group>"; };
		0A7BDFA71B08FECC009FB72B /* NSManagedObjectExtensions.swift */ = {isa = PBXFileReference; fileEncoding = 4; lastKnownFileType = sourcecode.swift; path = NSManagedObjectExtensions.swift; sourceTree = "<group>"; };
		45446DC647B841AD65D31801 /* Pods-CKCoreDataKit.release.xcconfig */ = {isa = PBXFileReference; includeInIndex = 1; lastKnownFileType = text.xcconfig; name = "Pods-CKCoreDataKit.release.xcconfig"; path = "Pods/Target Support Files/Pods-CKCoreDataKit/Pods-CKCoreDataKit.release.xcconfig"; sourceTree = "<group>"; };
		6329A2D082A49022CC8097D2 /* Pods-CKCoreDataKit.debug.xcconfig */ = {isa = PBXFileReference; includeInIndex = 1; lastKnownFileType = text.xcconfig; name = "Pods-CKCoreDataKit.debug.xcconfig"; path = "Pods/Target Support Files/Pods-CKCoreDataKit/Pods-CKCoreDataKit.debug.xcconfig"; sourceTree = "<group>"; };
		8094DD739FC2F6706EEFBD32 /* Pods_CKCoreDataKitTests.framework */ = {isa = PBXFileReference; explicitFileType = wrapper.framework; includeInIndex = 0; path = Pods_CKCoreDataKitTests.framework; sourceTree = BUILT_PRODUCTS_DIR; };
		8D775EC8F666347E77E0D653 /* Pods_CKCoreDataKit.framework */ = {isa = PBXFileReference; explicitFileType = wrapper.framework; includeInIndex = 0; path = Pods_CKCoreDataKit.framework; sourceTree = BUILT_PRODUCTS_DIR; };
		A3D39A0B89557BDFEF781EF5 /* Pods-CKCoreDataKitTests.release.xcconfig */ = {isa = PBXFileReference; includeInIndex = 1; lastKnownFileType = text.xcconfig; name = "Pods-CKCoreDataKitTests.release.xcconfig"; path = "Pods/Target Support Files/Pods-CKCoreDataKitTests/Pods-CKCoreDataKitTests.release.xcconfig"; sourceTree = "<group>"; };
/* End PBXFileReference section */

/* Begin PBXFrameworksBuildPhase section */
		0A7BDF811B08FE5E009FB72B /* Frameworks */ = {
			isa = PBXFrameworksBuildPhase;
			buildActionMask = 2147483647;
			files = (
				33D17EBE7F0D71E220591538 /* Pods_CKCoreDataKit.framework in Frameworks */,
			);
			runOnlyForDeploymentPostprocessing = 0;
		};
		0A7BDF8D1B08FE5E009FB72B /* Frameworks */ = {
			isa = PBXFrameworksBuildPhase;
			buildActionMask = 2147483647;
			files = (
				0A7BDF911B08FE5E009FB72B /* CKCoreDataKit.framework in Frameworks */,
				DF5FA176D441734EF14D4215 /* Pods_CKCoreDataKitTests.framework in Frameworks */,
			);
			runOnlyForDeploymentPostprocessing = 0;
		};
/* End PBXFrameworksBuildPhase section */

/* Begin PBXGroup section */
		0A7BDF7B1B08FE5E009FB72B = {
			isa = PBXGroup;
			children = (
				0A7BDF871B08FE5E009FB72B /* CKCoreDataKit */,
				0A7BDF941B08FE5E009FB72B /* CKCoreDataKitTests */,
				0A7BDF861B08FE5E009FB72B /* Products */,
				5FCB9F85A1D2FCE19546A3C9 /* Pods */,
				6160059B8CBC1FB2E04CD19B /* Frameworks */,
			);
			sourceTree = "<group>";
		};
		0A7BDF861B08FE5E009FB72B /* Products */ = {
			isa = PBXGroup;
			children = (
				0A7BDF851B08FE5E009FB72B /* CKCoreDataKit.framework */,
				0A7BDF901B08FE5E009FB72B /* CKCoreDataKitTests.xctest */,
			);
			name = Products;
			sourceTree = "<group>";
		};
		0A7BDF871B08FE5E009FB72B /* CKCoreDataKit */ = {
			isa = PBXGroup;
			children = (
				0A7BDF8A1B08FE5E009FB72B /* CKCoreDataKit.h */,
				0A7BDFA11B08FECC009FB72B /* Core */,
				0A7BDFA61B08FECC009FB72B /* Extensions */,
				0A7BDF881B08FE5E009FB72B /* Supporting Files */,
			);
			path = CKCoreDataKit;
			sourceTree = "<group>";
		};
		0A7BDF881B08FE5E009FB72B /* Supporting Files */ = {
			isa = PBXGroup;
			children = (
				0A7BDF891B08FE5E009FB72B /* Info.plist */,
			);
			name = "Supporting Files";
			sourceTree = "<group>";
		};
		0A7BDF941B08FE5E009FB72B /* CKCoreDataKitTests */ = {
			isa = PBXGroup;
			children = (
				0A7BDF971B08FE5E009FB72B /* CKCoreDataKitTests.swift */,
				0A7BDF951B08FE5E009FB72B /* Supporting Files */,
			);
			path = CKCoreDataKitTests;
			sourceTree = "<group>";
		};
		0A7BDF951B08FE5E009FB72B /* Supporting Files */ = {
			isa = PBXGroup;
			children = (
				0A7BDF961B08FE5E009FB72B /* Info.plist */,
			);
			name = "Supporting Files";
			sourceTree = "<group>";
		};
		0A7BDFA11B08FECC009FB72B /* Core */ = {
			isa = PBXGroup;
			children = (
				0A7BDFA21B08FECC009FB72B /* CKFetchRequest.swift */,
				0A7BDFA31B08FECC009FB72B /* CKFetchResult.swift */,
				0A7BDFA41B08FECC009FB72B /* CKSession.swift */,
				0A7BDFA51B08FECC009FB72B /* CKSessionModel.swift */,
			);
			path = Core;
			sourceTree = "<group>";
		};
		0A7BDFA61B08FECC009FB72B /* Extensions */ = {
			isa = PBXGroup;
			children = (
				0A7BDFA71B08FECC009FB72B /* NSManagedObjectExtensions.swift */,
			);
			path = Extensions;
			sourceTree = "<group>";
		};
		5FCB9F85A1D2FCE19546A3C9 /* Pods */ = {
			isa = PBXGroup;
			children = (
				6329A2D082A49022CC8097D2 /* Pods-CKCoreDataKit.debug.xcconfig */,
				45446DC647B841AD65D31801 /* Pods-CKCoreDataKit.release.xcconfig */,
				04FFF5FC9029C7B403A33571 /* Pods-CKCoreDataKitTests.debug.xcconfig */,
				A3D39A0B89557BDFEF781EF5 /* Pods-CKCoreDataKitTests.release.xcconfig */,
			);
			name = Pods;
			sourceTree = "<group>";
		};
		6160059B8CBC1FB2E04CD19B /* Frameworks */ = {
			isa = PBXGroup;
			children = (
				8D775EC8F666347E77E0D653 /* Pods_CKCoreDataKit.framework */,
				8094DD739FC2F6706EEFBD32 /* Pods_CKCoreDataKitTests.framework */,
			);
			name = Frameworks;
			sourceTree = "<group>";
		};
/* End PBXGroup section */

/* Begin PBXHeadersBuildPhase section */
		0A7BDF821B08FE5E009FB72B /* Headers */ = {
			isa = PBXHeadersBuildPhase;
			buildActionMask = 2147483647;
			files = (
				0A7BDF8B1B08FE5E009FB72B /* CKCoreDataKit.h in Headers */,
			);
			runOnlyForDeploymentPostprocessing = 0;
		};
/* End PBXHeadersBuildPhase section */

/* Begin PBXNativeTarget section */
		0A7BDF841B08FE5E009FB72B /* CKCoreDataKit */ = {
			isa = PBXNativeTarget;
			buildConfigurationList = 0A7BDF9B1B08FE5E009FB72B /* Build configuration list for PBXNativeTarget "CKCoreDataKit" */;
			buildPhases = (
				9623D880E8768C505627CDAE /* Check Pods Manifest.lock */,
				0A7BDF801B08FE5E009FB72B /* Sources */,
				0A7BDF811B08FE5E009FB72B /* Frameworks */,
				0A7BDF821B08FE5E009FB72B /* Headers */,
				0A7BDF831B08FE5E009FB72B /* Resources */,
				A6BE3C889CD7DF5C24ADF2FE /* Copy Pods Resources */,
			);
			buildRules = (
			);
			dependencies = (
			);
			name = CKCoreDataKit;
			productName = CKCoreDataKit;
			productReference = 0A7BDF851B08FE5E009FB72B /* CKCoreDataKit.framework */;
			productType = "com.apple.product-type.framework";
		};
		0A7BDF8F1B08FE5E009FB72B /* CKCoreDataKitTests */ = {
			isa = PBXNativeTarget;
			buildConfigurationList = 0A7BDF9E1B08FE5E009FB72B /* Build configuration list for PBXNativeTarget "CKCoreDataKitTests" */;
			buildPhases = (
				57D0F4B99FA97D7696CF9F62 /* Check Pods Manifest.lock */,
				0A7BDF8C1B08FE5E009FB72B /* Sources */,
				0A7BDF8D1B08FE5E009FB72B /* Frameworks */,
				0A7BDF8E1B08FE5E009FB72B /* Resources */,
				22F3B712562A57CB3ABF3089 /* Embed Pods Frameworks */,
				AA95FDD287E10348B67F77F8 /* Copy Pods Resources */,
			);
			buildRules = (
			);
			dependencies = (
				0A7BDF931B08FE5E009FB72B /* PBXTargetDependency */,
			);
			name = CKCoreDataKitTests;
			productName = CKCoreDataKitTests;
			productReference = 0A7BDF901B08FE5E009FB72B /* CKCoreDataKitTests.xctest */;
			productType = "com.apple.product-type.bundle.unit-test";
		};
/* End PBXNativeTarget section */

/* Begin PBXProject section */
		0A7BDF7C1B08FE5E009FB72B /* Project object */ = {
			isa = PBXProject;
			attributes = {
				LastSwiftMigration = 0710;
				LastSwiftUpdateCheck = 0710;
				LastUpgradeCheck = 0710;
				ORGANIZATIONNAME = "Kevin Chen";
				TargetAttributes = {
					0A7BDF841B08FE5E009FB72B = {
						CreatedOnToolsVersion = 6.3.1;
					};
					0A7BDF8F1B08FE5E009FB72B = {
						CreatedOnToolsVersion = 6.3.1;
					};
				};
			};
			buildConfigurationList = 0A7BDF7F1B08FE5E009FB72B /* Build configuration list for PBXProject "CKCoreDataKit" */;
			compatibilityVersion = "Xcode 3.2";
			developmentRegion = English;
			hasScannedForEncodings = 0;
			knownRegions = (
				en,
			);
			mainGroup = 0A7BDF7B1B08FE5E009FB72B;
			productRefGroup = 0A7BDF861B08FE5E009FB72B /* Products */;
			projectDirPath = "";
			projectRoot = "";
			targets = (
				0A7BDF841B08FE5E009FB72B /* CKCoreDataKit */,
				0A7BDF8F1B08FE5E009FB72B /* CKCoreDataKitTests */,
			);
		};
/* End PBXProject section */

/* Begin PBXResourcesBuildPhase section */
		0A7BDF831B08FE5E009FB72B /* Resources */ = {
			isa = PBXResourcesBuildPhase;
			buildActionMask = 2147483647;
			files = (
			);
			runOnlyForDeploymentPostprocessing = 0;
		};
		0A7BDF8E1B08FE5E009FB72B /* Resources */ = {
			isa = PBXResourcesBuildPhase;
			buildActionMask = 2147483647;
			files = (
			);
			runOnlyForDeploymentPostprocessing = 0;
		};
/* End PBXResourcesBuildPhase section */

/* Begin PBXShellScriptBuildPhase section */
		22F3B712562A57CB3ABF3089 /* Embed Pods Frameworks */ = {
			isa = PBXShellScriptBuildPhase;
			buildActionMask = 2147483647;
			files = (
			);
			inputPaths = (
			);
			name = "Embed Pods Frameworks";
			outputPaths = (
			);
			runOnlyForDeploymentPostprocessing = 0;
			shellPath = /bin/sh;
			shellScript = "\"${SRCROOT}/Pods/Target Support Files/Pods-CKCoreDataKitTests/Pods-CKCoreDataKitTests-frameworks.sh\"\n";
			showEnvVarsInLog = 0;
		};
		57D0F4B99FA97D7696CF9F62 /* Check Pods Manifest.lock */ = {
			isa = PBXShellScriptBuildPhase;
			buildActionMask = 2147483647;
			files = (
			);
			inputPaths = (
			);
			name = "Check Pods Manifest.lock";
			outputPaths = (
			);
			runOnlyForDeploymentPostprocessing = 0;
			shellPath = /bin/sh;
			shellScript = "diff \"${PODS_ROOT}/../Podfile.lock\" \"${PODS_ROOT}/Manifest.lock\" > /dev/null\nif [[ $? != 0 ]] ; then\n    cat << EOM\nerror: The sandbox is not in sync with the Podfile.lock. Run 'pod install' or update your CocoaPods installation.\nEOM\n    exit 1\nfi\n";
			showEnvVarsInLog = 0;
		};
		9623D880E8768C505627CDAE /* Check Pods Manifest.lock */ = {
			isa = PBXShellScriptBuildPhase;
			buildActionMask = 2147483647;
			files = (
			);
			inputPaths = (
			);
			name = "Check Pods Manifest.lock";
			outputPaths = (
			);
			runOnlyForDeploymentPostprocessing = 0;
			shellPath = /bin/sh;
			shellScript = "diff \"${PODS_ROOT}/../Podfile.lock\" \"${PODS_ROOT}/Manifest.lock\" > /dev/null\nif [[ $? != 0 ]] ; then\n    cat << EOM\nerror: The sandbox is not in sync with the Podfile.lock. Run 'pod install' or update your CocoaPods installation.\nEOM\n    exit 1\nfi\n";
			showEnvVarsInLog = 0;
		};
		A6BE3C889CD7DF5C24ADF2FE /* Copy Pods Resources */ = {
			isa = PBXShellScriptBuildPhase;
			buildActionMask = 2147483647;
			files = (
			);
			inputPaths = (
			);
			name = "Copy Pods Resources";
			outputPaths = (
			);
			runOnlyForDeploymentPostprocessing = 0;
			shellPath = /bin/sh;
			shellScript = "\"${SRCROOT}/Pods/Target Support Files/Pods-CKCoreDataKit/Pods-CKCoreDataKit-resources.sh\"\n";
			showEnvVarsInLog = 0;
		};
		AA95FDD287E10348B67F77F8 /* Copy Pods Resources */ = {
			isa = PBXShellScriptBuildPhase;
			buildActionMask = 2147483647;
			files = (
			);
			inputPaths = (
			);
			name = "Copy Pods Resources";
			outputPaths = (
			);
			runOnlyForDeploymentPostprocessing = 0;
			shellPath = /bin/sh;
			shellScript = "\"${SRCROOT}/Pods/Target Support Files/Pods-CKCoreDataKitTests/Pods-CKCoreDataKitTests-resources.sh\"\n";
			showEnvVarsInLog = 0;
		};
/* End PBXShellScriptBuildPhase section */

/* Begin PBXSourcesBuildPhase section */
		0A7BDF801B08FE5E009FB72B /* Sources */ = {
			isa = PBXSourcesBuildPhase;
			buildActionMask = 2147483647;
			files = (
				0A7BDFAA1B08FECC009FB72B /* CKSession.swift in Sources */,
				0A7BDFA81B08FECC009FB72B /* CKFetchRequest.swift in Sources */,
				0A7BDFAB1B08FECC009FB72B /* CKSessionModel.swift in Sources */,
				0A7BDFA91B08FECC009FB72B /* CKFetchResult.swift in Sources */,
				0A7BDFAC1B08FECC009FB72B /* NSManagedObjectExtensions.swift in Sources */,
			);
			runOnlyForDeploymentPostprocessing = 0;
		};
		0A7BDF8C1B08FE5E009FB72B /* Sources */ = {
			isa = PBXSourcesBuildPhase;
			buildActionMask = 2147483647;
			files = (
				0A7BDF981B08FE5E009FB72B /* CKCoreDataKitTests.swift in Sources */,
			);
			runOnlyForDeploymentPostprocessing = 0;
		};
/* End PBXSourcesBuildPhase section */

/* Begin PBXTargetDependency section */
		0A7BDF931B08FE5E009FB72B /* PBXTargetDependency */ = {
			isa = PBXTargetDependency;
			target = 0A7BDF841B08FE5E009FB72B /* CKCoreDataKit */;
			targetProxy = 0A7BDF921B08FE5E009FB72B /* PBXContainerItemProxy */;
		};
/* End PBXTargetDependency section */

/* Begin XCBuildConfiguration section */
		0A7BDF991B08FE5E009FB72B /* Debug */ = {
			isa = XCBuildConfiguration;
			buildSettings = {
				ALWAYS_SEARCH_USER_PATHS = NO;
				CLANG_CXX_LANGUAGE_STANDARD = "gnu++0x";
				CLANG_CXX_LIBRARY = "libc++";
				CLANG_ENABLE_MODULES = YES;
				CLANG_ENABLE_OBJC_ARC = YES;
				CLANG_WARN_BOOL_CONVERSION = YES;
				CLANG_WARN_CONSTANT_CONVERSION = YES;
				CLANG_WARN_DIRECT_OBJC_ISA_USAGE = YES_ERROR;
				CLANG_WARN_EMPTY_BODY = YES;
				CLANG_WARN_ENUM_CONVERSION = YES;
				CLANG_WARN_INT_CONVERSION = YES;
				CLANG_WARN_OBJC_ROOT_CLASS = YES_ERROR;
				CLANG_WARN_UNREACHABLE_CODE = YES;
				CLANG_WARN__DUPLICATE_METHOD_MATCH = YES;
				"CODE_SIGN_IDENTITY[sdk=iphoneos*]" = "iPhone Developer";
				COPY_PHASE_STRIP = NO;
				CURRENT_PROJECT_VERSION = 1;
				DEBUG_INFORMATION_FORMAT = "dwarf-with-dsym";
				ENABLE_STRICT_OBJC_MSGSEND = YES;
				ENABLE_TESTABILITY = YES;
				GCC_C_LANGUAGE_STANDARD = gnu99;
				GCC_DYNAMIC_NO_PIC = NO;
				GCC_NO_COMMON_BLOCKS = YES;
				GCC_OPTIMIZATION_LEVEL = 0;
				GCC_PREPROCESSOR_DEFINITIONS = (
					"DEBUG=1",
					"$(inherited)",
				);
				GCC_SYMBOLS_PRIVATE_EXTERN = NO;
				GCC_WARN_64_TO_32_BIT_CONVERSION = YES;
				GCC_WARN_ABOUT_RETURN_TYPE = YES_ERROR;
				GCC_WARN_UNDECLARED_SELECTOR = YES;
				GCC_WARN_UNINITIALIZED_AUTOS = YES_AGGRESSIVE;
				GCC_WARN_UNUSED_FUNCTION = YES;
				GCC_WARN_UNUSED_VARIABLE = YES;
				IPHONEOS_DEPLOYMENT_TARGET = 8.0;
				MTL_ENABLE_DEBUG_INFO = YES;
				ONLY_ACTIVE_ARCH = YES;
				SDKROOT = iphoneos;
				SWIFT_OPTIMIZATION_LEVEL = "-Onone";
				TARGETED_DEVICE_FAMILY = "1,2";
				VERSIONING_SYSTEM = "apple-generic";
				VERSION_INFO_PREFIX = "";
			};
			name = Debug;
		};
		0A7BDF9A1B08FE5E009FB72B /* Release */ = {
			isa = XCBuildConfiguration;
			buildSettings = {
				ALWAYS_SEARCH_USER_PATHS = NO;
				CLANG_CXX_LANGUAGE_STANDARD = "gnu++0x";
				CLANG_CXX_LIBRARY = "libc++";
				CLANG_ENABLE_MODULES = YES;
				CLANG_ENABLE_OBJC_ARC = YES;
				CLANG_WARN_BOOL_CONVERSION = YES;
				CLANG_WARN_CONSTANT_CONVERSION = YES;
				CLANG_WARN_DIRECT_OBJC_ISA_USAGE = YES_ERROR;
				CLANG_WARN_EMPTY_BODY = YES;
				CLANG_WARN_ENUM_CONVERSION = YES;
				CLANG_WARN_INT_CONVERSION = YES;
				CLANG_WARN_OBJC_ROOT_CLASS = YES_ERROR;
				CLANG_WARN_UNREACHABLE_CODE = YES;
				CLANG_WARN__DUPLICATE_METHOD_MATCH = YES;
				"CODE_SIGN_IDENTITY[sdk=iphoneos*]" = "iPhone Developer";
				COPY_PHASE_STRIP = NO;
				CURRENT_PROJECT_VERSION = 1;
				DEBUG_INFORMATION_FORMAT = "dwarf-with-dsym";
				ENABLE_NS_ASSERTIONS = NO;
				ENABLE_STRICT_OBJC_MSGSEND = YES;
				GCC_C_LANGUAGE_STANDARD = gnu99;
				GCC_NO_COMMON_BLOCKS = YES;
				GCC_WARN_64_TO_32_BIT_CONVERSION = YES;
				GCC_WARN_ABOUT_RETURN_TYPE = YES_ERROR;
				GCC_WARN_UNDECLARED_SELECTOR = YES;
				GCC_WARN_UNINITIALIZED_AUTOS = YES_AGGRESSIVE;
				GCC_WARN_UNUSED_FUNCTION = YES;
				GCC_WARN_UNUSED_VARIABLE = YES;
				IPHONEOS_DEPLOYMENT_TARGET = 8.0;
				MTL_ENABLE_DEBUG_INFO = NO;
				SDKROOT = iphoneos;
				TARGETED_DEVICE_FAMILY = "1,2";
				VALIDATE_PRODUCT = YES;
				VERSIONING_SYSTEM = "apple-generic";
				VERSION_INFO_PREFIX = "";
			};
			name = Release;
		};
		0A7BDF9C1B08FE5E009FB72B /* Debug */ = {
			isa = XCBuildConfiguration;
			baseConfigurationReference = 6329A2D082A49022CC8097D2 /* Pods-CKCoreDataKit.debug.xcconfig */;
			buildSettings = {
				DEFINES_MODULE = YES;
				DYLIB_COMPATIBILITY_VERSION = 1;
				DYLIB_CURRENT_VERSION = 1;
				DYLIB_INSTALL_NAME_BASE = "@rpath";
				INFOPLIST_FILE = CKCoreDataKit/Info.plist;
				INSTALL_PATH = "$(LOCAL_LIBRARY_DIR)/Frameworks";
				LD_RUNPATH_SEARCH_PATHS = "$(inherited) @executable_path/Frameworks @loader_path/Frameworks";
				PRODUCT_BUNDLE_IDENTIFIER = "com.xmkevinchen.$(PRODUCT_NAME:rfc1034identifier)";
				PRODUCT_NAME = "$(TARGET_NAME)";
				SKIP_INSTALL = YES;
			};
			name = Debug;
		};
		0A7BDF9D1B08FE5E009FB72B /* Release */ = {
			isa = XCBuildConfiguration;
			baseConfigurationReference = 45446DC647B841AD65D31801 /* Pods-CKCoreDataKit.release.xcconfig */;
			buildSettings = {
				DEFINES_MODULE = YES;
				DYLIB_COMPATIBILITY_VERSION = 1;
				DYLIB_CURRENT_VERSION = 1;
				DYLIB_INSTALL_NAME_BASE = "@rpath";
				INFOPLIST_FILE = CKCoreDataKit/Info.plist;
				INSTALL_PATH = "$(LOCAL_LIBRARY_DIR)/Frameworks";
				LD_RUNPATH_SEARCH_PATHS = "$(inherited) @executable_path/Frameworks @loader_path/Frameworks";
				PRODUCT_BUNDLE_IDENTIFIER = "com.xmkevinchen.$(PRODUCT_NAME:rfc1034identifier)";
				PRODUCT_NAME = "$(TARGET_NAME)";
				SKIP_INSTALL = YES;
			};
			name = Release;
		};
		0A7BDF9F1B08FE5E009FB72B /* Debug */ = {
			isa = XCBuildConfiguration;
			baseConfigurationReference = 04FFF5FC9029C7B403A33571 /* Pods-CKCoreDataKitTests.debug.xcconfig */;
			buildSettings = {
				FRAMEWORK_SEARCH_PATHS = (
					"$(SDKROOT)/Developer/Library/Frameworks",
					"$(inherited)",
				);
				GCC_PREPROCESSOR_DEFINITIONS = (
					"DEBUG=1",
					"$(inherited)",
				);
				INFOPLIST_FILE = CKCoreDataKitTests/Info.plist;
				LD_RUNPATH_SEARCH_PATHS = "$(inherited) @executable_path/Frameworks @loader_path/Frameworks";
				PRODUCT_BUNDLE_IDENTIFIER = "com.xmkevinchen.$(PRODUCT_NAME:rfc1034identifier)";
				PRODUCT_NAME = "$(TARGET_NAME)";
			};
			name = Debug;
		};
		0A7BDFA01B08FE5E009FB72B /* Release */ = {
			isa = XCBuildConfiguration;
			baseConfigurationReference = A3D39A0B89557BDFEF781EF5 /* Pods-CKCoreDataKitTests.release.xcconfig */;
			buildSettings = {
				FRAMEWORK_SEARCH_PATHS = (
					"$(SDKROOT)/Developer/Library/Frameworks",
					"$(inherited)",
				);
				INFOPLIST_FILE = CKCoreDataKitTests/Info.plist;
				LD_RUNPATH_SEARCH_PATHS = "$(inherited) @executable_path/Frameworks @loader_path/Frameworks";
				PRODUCT_BUNDLE_IDENTIFIER = "com.xmkevinchen.$(PRODUCT_NAME:rfc1034identifier)";
				PRODUCT_NAME = "$(TARGET_NAME)";
			};
			name = Release;
		};
/* End XCBuildConfiguration section */

/* Begin XCConfigurationList section */
		0A7BDF7F1B08FE5E009FB72B /* Build configuration list for PBXProject "CKCoreDataKit" */ = {
			isa = XCConfigurationList;
			buildConfigurations = (
				0A7BDF991B08FE5E009FB72B /* Debug */,
				0A7BDF9A1B08FE5E009FB72B /* Release */,
			);
			defaultConfigurationIsVisible = 0;
			defaultConfigurationName = Release;
		};
		0A7BDF9B1B08FE5E009FB72B /* Build configuration list for PBXNativeTarget "CKCoreDataKit" */ = {
			isa = XCConfigurationList;
			buildConfigurations = (
				0A7BDF9C1B08FE5E009FB72B /* Debug */,
				0A7BDF9D1B08FE5E009FB72B /* Release */,
			);
			defaultConfigurationIsVisible = 0;
			defaultConfigurationName = Release;
		};
		0A7BDF9E1B08FE5E009FB72B /* Build configuration list for PBXNativeTarget "CKCoreDataKitTests" */ = {
			isa = XCConfigurationList;
			buildConfigurations = (
				0A7BDF9F1B08FE5E009FB72B /* Debug */,
				0A7BDFA01B08FE5E009FB72B /* Release */,
			);
			defaultConfigurationIsVisible = 0;
			defaultConfigurationName = Release;
		};
/* End XCConfigurationList section */
	};
	rootObject = 0A7BDF7C1B08FE5E009FB72B /* Project object */;
}
